<?xml version="1.0" encoding="utf-8"?>
<Project ToolsVersion="4.0" xmlns="http://schemas.microsoft.com/developer/msbuild/2003">
  <ItemGroup>
    <Filter Include="Source Files">
      <UniqueIdentifier>{4FC737F1-C7A5-4376-A066-2A32D752A2FF}</UniqueIdentifier>
      <Extensions>cpp;c;cc;cxx;c++;cppm;ixx;def;odl;idl;hpj;bat;asm;asmx</Extensions>
    </Filter>
    <Filter Include="Header Files">
      <UniqueIdentifier>{93995380-89BD-4b04-88EB-625FBE52EBFB}</UniqueIdentifier>
      <Extensions>h;hh;hpp;hxx;h++;hm;inl;inc;ipp;xsd</Extensions>
    </Filter>
    <Filter Include="Resource Files">
      <UniqueIdentifier>{67DA6AB6-F800-4c08-8B7A-83BB121AAD01}</UniqueIdentifier>
      <Extensions>rc;ico;cur;bmp;dlg;rc2;rct;bin;rgs;gif;jpg;jpeg;jpe;resx;tiff;tif;png;wav;mfcribbon-ms</Extensions>
    </Filter>
    <Filter Include="Header Files\cheat">
      <UniqueIdentifier>{0055268c-f353-434e-a579-ee0881eedbbd}</UniqueIdentifier>
    </Filter>
    <Filter Include="Header Files\offsets">
      <UniqueIdentifier>{20391eb8-739f-4af0-94a0-fb2e3db9568c}</UniqueIdentifier>
    </Filter>
    <Filter Include="Header Files\mem">
      <UniqueIdentifier>{2e9f1091-4a22-41db-ab1e-d28c4116eb1d}</UniqueIdentifier>
    </Filter>
  </ItemGroup>
  <ItemGroup>
    <ClInclude Include="src\window\window.hpp">
      <Filter>Header Files</Filter>
    </ClInclude>
    <ClInclude Include="ext\ImGui 1.90\imconfig.h">
      <Filter>Header Files</Filter>
    </ClInclude>
    <ClInclude Include="ext\ImGui 1.90\imgui.h">
      <Filter>Header Files</Filter>
    </ClInclude>
    <ClInclude Include="ext\ImGui 1.90\imgui_impl_dx11.h">
      <Filter>Header Files</Filter>
    </ClInclude>
    <ClInclude Include="ext\ImGui 1.90\imgui_impl_win32.h">
      <Filter>Header Files</Filter>
    </ClInclude>
    <ClInclude Include="ext\ImGui 1.90\imgui_internal.h">
      <Filter>Header Files</Filter>
    </ClInclude>
    <ClInclude Include="ext\ImGui 1.90\imstb_rectpack.h">
      <Filter>Header Files</Filter>
    </ClInclude>
    <ClInclude Include="ext\ImGui 1.90\imstb_textedit.h">
      <Filter>Header Files</Filter>
    </ClInclude>
    <ClInclude Include="ext\ImGui 1.90\imstb_truetype.h">
      <Filter>Header Files</Filter>
    </ClInclude>
    <ClInclude Include="utils.hpp">
      <Filter>Header Files</Filter>
    </ClInclude>
    <ClInclude Include="render.hpp">
      <Filter>Header Files\cheat</Filter>
    </ClInclude>
    <ClInclude Include="client_dll.hpp">
      <Filter>Header Files\offsets</Filter>
    </ClInclude>
    <ClInclude Include="offsets.hpp">
      <Filter>Header Files\offsets</Filter>
    </ClInclude>
    <ClInclude Include="driver.hpp">
      <Filter>Header Files\mem</Filter>
    </ClInclude>
    <ClInclude Include="mem.hpp">
      <Filter>Header Files\mem</Filter>
    </ClInclude>
    <ClInclude Include="bones.hpp">
      <Filter>Header Files\cheat</Filter>
    </ClInclude>
    <ClInclude Include="base_entity.hpp">
      <Filter>Header Files\cheat</Filter>
    </ClInclude>
    <ClInclude Include="structs.hpp">
      <Filter>Header Files\cheat</Filter>
    </ClInclude>
    <ClInclude Include="util.hpp">
      <Filter>Header Files\cheat</Filter>
    </ClInclude>
    <ClInclude Include="esp.hpp">
      <Filter>Header Files\cheat</Filter>
    </ClInclude>
  </ItemGroup>
  <ItemGroup>
    <ClCompile Include="src\window\window.cpp">
      <Filter>Source Files</Filter>
    </ClCompile>
    <ClCompile Include="ext\ImGui 1.90\imgui.cpp">
      <Filter>Source Files</Filter>
    </ClCompile>
    <ClCompile Include="ext\ImGui 1.90\imgui_demo.cpp">
      <Filter>Source Files</Filter>
    </ClCompile>
    <ClCompile Include="ext\ImGui 1.90\imgui_draw.cpp">
      <Filter>Source Files</Filter>
    </ClCompile>
    <ClCompile Include="ext\ImGui 1.90\imgui_impl_dx11.cpp">
      <Filter>Source Files</Filter>
    </ClCompile>
    <ClCompile Include="ext\ImGui 1.90\imgui_impl_win32.cpp">
      <Filter>Source Files</Filter>
    </ClCompile>
    <ClCompile Include="ext\ImGui 1.90\imgui_tables.cpp">
      <Filter>Source Files</Filter>
    </ClCompile>
    <ClCompile Include="ext\ImGui 1.90\imgui_widgets.cpp">
      <Filter>Source Files</Filter>
    </ClCompile>
    <ClCompile Include="src\main.cpp">
      <Filter>Source Files</Filter>
    </ClCompile>
  </ItemGroup>
</Project>